// !$*UTF8*$!
{
	archiveVersion = 1;
	classes = {
	};
	objectVersion = 56;
	objects = {

/* Begin PBXBuildFile section */
		228D3017299787CA0012D048 /* AppDelegate.swift in Sources */ = {isa = PBXBuildFile; fileRef = 228D3016299787CA0012D048 /* AppDelegate.swift */; };
		228D3019299787CA0012D048 /* SceneDelegate.swift in Sources */ = {isa = PBXBuildFile; fileRef = 228D3018299787CA0012D048 /* SceneDelegate.swift */; };
		228D301B299787CA0012D048 /* ViewController.swift in Sources */ = {isa = PBXBuildFile; fileRef = 228D301A299787CA0012D048 /* ViewController.swift */; };
		228D301E299787CA0012D048 /* Main.storyboard in Resources */ = {isa = PBXBuildFile; fileRef = 228D301C299787CA0012D048 /* Main.storyboard */; };
		228D3021299787CA0012D048 /* The_Movie_App.xcdatamodeld in Sources */ = {isa = PBXBuildFile; fileRef = 228D301F299787CA0012D048 /* The_Movie_App.xcdatamodeld */; };
		228D3023299787CB0012D048 /* Assets.xcassets in Resources */ = {isa = PBXBuildFile; fileRef = 228D3022299787CB0012D048 /* Assets.xcassets */; };
		228D3026299787CB0012D048 /* LaunchScreen.storyboard in Resources */ = {isa = PBXBuildFile; fileRef = 228D3024299787CB0012D048 /* LaunchScreen.storyboard */; };
		228D3031299787CB0012D048 /* The_Movie_AppTests.swift in Sources */ = {isa = PBXBuildFile; fileRef = 228D3030299787CB0012D048 /* The_Movie_AppTests.swift */; };
		228D303B299787CB0012D048 /* The_Movie_AppUITests.swift in Sources */ = {isa = PBXBuildFile; fileRef = 228D303A299787CB0012D048 /* The_Movie_AppUITests.swift */; };
		228D303D299787CB0012D048 /* The_Movie_AppUITestsLaunchTests.swift in Sources */ = {isa = PBXBuildFile; fileRef = 228D303C299787CB0012D048 /* The_Movie_AppUITestsLaunchTests.swift */; };
/* End PBXBuildFile section */

/* Begin PBXContainerItemProxy section */
		228D302D299787CB0012D048 /* PBXContainerItemProxy */ = {
			isa = PBXContainerItemProxy;
			containerPortal = 228D300B299787CA0012D048 /* Project object */;
			proxyType = 1;
			remoteGlobalIDString = 228D3012299787CA0012D048;
			remoteInfo = "The Movie App";
		};
		228D3037299787CB0012D048 /* PBXContainerItemProxy */ = {
			isa = PBXContainerItemProxy;
			containerPortal = 228D300B299787CA0012D048 /* Project object */;
			proxyType = 1;
			remoteGlobalIDString = 228D3012299787CA0012D048;
			remoteInfo = "The Movie App";
		};
/* End PBXContainerItemProxy section */

/* Begin PBXFileReference section */
		228D3013299787CA0012D048 /* The Movie App.app */ = {isa = PBXFileReference; explicitFileType = wrapper.application; includeInIndex = 0; path = "The Movie App.app"; sourceTree = BUILT_PRODUCTS_DIR; };
		228D3016299787CA0012D048 /* AppDelegate.swift */ = {isa = PBXFileReference; lastKnownFileType = sourcecode.swift; path = AppDelegate.swift; sourceTree = "<group>"; };
		228D3018299787CA0012D048 /* SceneDelegate.swift */ = {isa = PBXFileReference; lastKnownFileType = sourcecode.swift; path = SceneDelegate.swift; sourceTree = "<group>"; };
		228D301A299787CA0012D048 /* ViewController.swift */ = {isa = PBXFileReference; lastKnownFileType = sourcecode.swift; path = ViewController.swift; sourceTree = "<group>"; };
		228D301D299787CA0012D048 /* Base */ = {isa = PBXFileReference; lastKnownFileType = file.storyboard; name = Base; path = Base.lproj/Main.storyboard; sourceTree = "<group>"; };
		228D3020299787CA0012D048 /* The_Movie_App.xcdatamodel */ = {isa = PBXFileReference; lastKnownFileType = wrapper.xcdatamodel; path = The_Movie_App.xcdatamodel; sourceTree = "<group>"; };
		228D3022299787CB0012D048 /* Assets.xcassets */ = {isa = PBXFileReference; lastKnownFileType = folder.assetcatalog; path = Assets.xcassets; sourceTree = "<group>"; };
		228D3025299787CB0012D048 /* Base */ = {isa = PBXFileReference; lastKnownFileType = file.storyboard; name = Base; path = Base.lproj/LaunchScreen.storyboard; sourceTree = "<group>"; };
		228D3027299787CB0012D048 /* Info.plist */ = {isa = PBXFileReference; lastKnownFileType = text.plist.xml; path = Info.plist; sourceTree = "<group>"; };
		228D302C299787CB0012D048 /* The Movie AppTests.xctest */ = {isa = PBXFileReference; explicitFileType = wrapper.cfbundle; includeInIndex = 0; path = "The Movie AppTests.xctest"; sourceTree = BUILT_PRODUCTS_DIR; };
		228D3030299787CB0012D048 /* The_Movie_AppTests.swift */ = {isa = PBXFileReference; lastKnownFileType = sourcecode.swift; path = The_Movie_AppTests.swift; sourceTree = "<group>"; };
		228D3036299787CB0012D048 /* The Movie AppUITests.xctest */ = {isa = PBXFileReference; explicitFileType = wrapper.cfbundle; includeInIndex = 0; path = "The Movie AppUITests.xctest"; sourceTree = BUILT_PRODUCTS_DIR; };
		228D303A299787CB0012D048 /* The_Movie_AppUITests.swift */ = {isa = PBXFileReference; lastKnownFileType = sourcecode.swift; path = The_Movie_AppUITests.swift; sourceTree = "<group>"; };
		228D303C299787CB0012D048 /* The_Movie_AppUITestsLaunchTests.swift */ = {isa = PBXFileReference; lastKnownFileType = sourcecode.swift; path = The_Movie_AppUITestsLaunchTests.swift; sourceTree = "<group>"; };
/* End PBXFileReference section */

/* Begin PBXFrameworksBuildPhase section */
		228D3010299787CA0012D048 /* Frameworks */ = {
			isa = PBXFrameworksBuildPhase;
			buildActionMask = 2147483647;
			files = (
			);
			runOnlyForDeploymentPostprocessing = 0;
		};
		228D3029299787CB0012D048 /* Frameworks */ = {
			isa = PBXFrameworksBuildPhase;
			buildActionMask = 2147483647;
			files = (
			);
			runOnlyForDeploymentPostprocessing = 0;
		};
		228D3033299787CB0012D048 /* Frameworks */ = {
			isa = PBXFrameworksBuildPhase;
			buildActionMask = 2147483647;
			files = (
			);
			runOnlyForDeploymentPostprocessing = 0;
		};
/* End PBXFrameworksBuildPhase section */

/* Begin PBXGroup section */
		228D300A299787CA0012D048 = {
			isa = PBXGroup;
			children = (
				228D3015299787CA0012D048 /* The Movie App */,
				228D302F299787CB0012D048 /* The Movie AppTests */,
				228D3039299787CB0012D048 /* The Movie AppUITests */,
				228D3014299787CA0012D048 /* Products */,
			);
			sourceTree = "<group>";
		};
		228D3014299787CA0012D048 /* Products */ = {
			isa = PBXGroup;
			children = (
				228D3013299787CA0012D048 /* The Movie App.app */,
				228D302C299787CB0012D048 /* The Movie AppTests.xctest */,
				228D3036299787CB0012D048 /* The Movie AppUITests.xctest */,
			);
			name = Products;
			sourceTree = "<group>";
		};
		228D3015299787CA0012D048 /* The Movie App */ = {
			isa = PBXGroup;
			children = (
				228D3016299787CA0012D048 /* AppDelegate.swift */,
				228D3018299787CA0012D048 /* SceneDelegate.swift */,
				228D301A299787CA0012D048 /* ViewController.swift */,
				228D301C299787CA0012D048 /* Main.storyboard */,
				228D3022299787CB0012D048 /* Assets.xcassets */,
				228D3024299787CB0012D048 /* LaunchScreen.storyboard */,
				228D3027299787CB0012D048 /* Info.plist */,
				228D301F299787CA0012D048 /* The_Movie_App.xcdatamodeld */,
			);
			path = "The Movie App";
			sourceTree = "<group>";
		};
		228D302F299787CB0012D048 /* The Movie AppTests */ = {
			isa = PBXGroup;
			children = (
				228D3030299787CB0012D048 /* The_Movie_AppTests.swift */,
			);
			path = "The Movie AppTests";
			sourceTree = "<group>";
		};
		228D3039299787CB0012D048 /* The Movie AppUITests */ = {
			isa = PBXGroup;
			children = (
				228D303A299787CB0012D048 /* The_Movie_AppUITests.swift */,
				228D303C299787CB0012D048 /* The_Movie_AppUITestsLaunchTests.swift */,
			);
			path = "The Movie AppUITests";
			sourceTree = "<group>";
		};
/* End PBXGroup section */

/* Begin PBXNativeTarget section */
		228D3012299787CA0012D048 /* The Movie App */ = {
			isa = PBXNativeTarget;
			buildConfigurationList = 228D3040299787CB0012D048 /* Build configuration list for PBXNativeTarget "The Movie App" */;
			buildPhases = (
				228D300F299787CA0012D048 /* Sources */,
				228D3010299787CA0012D048 /* Frameworks */,
				228D3011299787CA0012D048 /* Resources */,
			);
			buildRules = (
			);
			dependencies = (
			);
			name = "The Movie App";
			productName = "The Movie App";
			productReference = 228D3013299787CA0012D048 /* The Movie App.app */;
			productType = "com.apple.product-type.application";
		};
		228D302B299787CB0012D048 /* The Movie AppTests */ = {
			isa = PBXNativeTarget;
			buildConfigurationList = 228D3043299787CB0012D048 /* Build configuration list for PBXNativeTarget "The Movie AppTests" */;
			buildPhases = (
				228D3028299787CB0012D048 /* Sources */,
				228D3029299787CB0012D048 /* Frameworks */,
				228D302A299787CB0012D048 /* Resources */,
			);
			buildRules = (
			);
			dependencies = (
				228D302E299787CB0012D048 /* PBXTargetDependency */,
			);
			name = "The Movie AppTests";
			productName = "The Movie AppTests";
			productReference = 228D302C299787CB0012D048 /* The Movie AppTests.xctest */;
			productType = "com.apple.product-type.bundle.unit-test";
		};
		228D3035299787CB0012D048 /* The Movie AppUITests */ = {
			isa = PBXNativeTarget;
			buildConfigurationList = 228D3046299787CB0012D048 /* Build configuration list for PBXNativeTarget "The Movie AppUITests" */;
			buildPhases = (
				228D3032299787CB0012D048 /* Sources */,
				228D3033299787CB0012D048 /* Frameworks */,
				228D3034299787CB0012D048 /* Resources */,
			);
			buildRules = (
			);
			dependencies = (
				228D3038299787CB0012D048 /* PBXTargetDependency */,
			);
			name = "The Movie AppUITests";
			productName = "The Movie AppUITests";
			productReference = 228D3036299787CB0012D048 /* The Movie AppUITests.xctest */;
			productType = "com.apple.product-type.bundle.ui-testing";
		};
/* End PBXNativeTarget section */

/* Begin PBXProject section */
		228D300B299787CA0012D048 /* Project object */ = {
			isa = PBXProject;
			attributes = {
				BuildIndependentTargetsInParallel = 1;
				LastSwiftUpdateCheck = 1420;
				LastUpgradeCheck = 1420;
				TargetAttributes = {
					228D3012299787CA0012D048 = {
						CreatedOnToolsVersion = 14.2;
					};
					228D302B299787CB0012D048 = {
						CreatedOnToolsVersion = 14.2;
						TestTargetID = 228D3012299787CA0012D048;
					};
					228D3035299787CB0012D048 = {
						CreatedOnToolsVersion = 14.2;
						TestTargetID = 228D3012299787CA0012D048;
					};
				};
			};
			buildConfigurationList = 228D300E299787CA0012D048 /* Build configuration list for PBXProject "The Movie App" */;
			compatibilityVersion = "Xcode 14.0";
			developmentRegion = en;
			hasScannedForEncodings = 0;
			knownRegions = (
				en,
				Base,
			);
			mainGroup = 228D300A299787CA0012D048;
			productRefGroup = 228D3014299787CA0012D048 /* Products */;
			projectDirPath = "";
			projectRoot = "";
			targets = (
				228D3012299787CA0012D048 /* The Movie App */,
				228D302B299787CB0012D048 /* The Movie AppTests */,
				228D3035299787CB0012D048 /* The Movie AppUITests */,
			);
		};
/* End PBXProject section */

/* Begin PBXResourcesBuildPhase section */
		228D3011299787CA0012D048 /* Resources */ = {
			isa = PBXResourcesBuildPhase;
			buildActionMask = 2147483647;
			files = (
				228D3026299787CB0012D048 /* LaunchScreen.storyboard in Resources */,
				228D3023299787CB0012D048 /* Assets.xcassets in Resources */,
				228D301E299787CA0012D048 /* Main.storyboard in Resources */,
			);
			runOnlyForDeploymentPostprocessing = 0;
		};
		228D302A299787CB0012D048 /* Resources */ = {
			isa = PBXResourcesBuildPhase;
			buildActionMask = 2147483647;
			files = (
			);
			runOnlyForDeploymentPostprocessing = 0;
		};
		228D3034299787CB0012D048 /* Resources */ = {
			isa = PBXResourcesBuildPhase;
			buildActionMask = 2147483647;
			files = (
			);
			runOnlyForDeploymentPostprocessing = 0;
		};
/* End PBXResourcesBuildPhase section */

/* Begin PBXSourcesBuildPhase section */
		228D300F299787CA0012D048 /* Sources */ = {
			isa = PBXSourcesBuildPhase;
			buildActionMask = 2147483647;
			files = (
				228D301B299787CA0012D048 /* ViewController.swift in Sources */,
				228D3017299787CA0012D048 /* AppDelegate.swift in Sources */,
				228D3021299787CA0012D048 /* The_Movie_App.xcdatamodeld in Sources */,
				228D3019299787CA0012D048 /* SceneDelegate.swift in Sources */,
			);
			runOnlyForDeploymentPostprocessing = 0;
		};
		228D3028299787CB0012D048 /* Sources */ = {
			isa = PBXSourcesBuildPhase;
			buildActionMask = 2147483647;
			files = (
				228D3031299787CB0012D048 /* The_Movie_AppTests.swift in Sources */,
			);
			runOnlyForDeploymentPostprocessing = 0;
		};
		228D3032299787CB0012D048 /* Sources */ = {
			isa = PBXSourcesBuildPhase;
			buildActionMask = 2147483647;
			files = (
				228D303B299787CB0012D048 /* The_Movie_AppUITests.swift in Sources */,
				228D303D299787CB0012D048 /* The_Movie_AppUITestsLaunchTests.swift in Sources */,
			);
			runOnlyForDeploymentPostprocessing = 0;
		};
/* End PBXSourcesBuildPhase section */

/* Begin PBXTargetDependency section */
		228D302E299787CB0012D048 /* PBXTargetDependency */ = {
			isa = PBXTargetDependency;
			target = 228D3012299787CA0012D048 /* The Movie App */;
			targetProxy = 228D302D299787CB0012D048 /* PBXContainerItemProxy */;
		};
		228D3038299787CB0012D048 /* PBXTargetDependency */ = {
			isa = PBXTargetDependency;
			target = 228D3012299787CA0012D048 /* The Movie App */;
			targetProxy = 228D3037299787CB0012D048 /* PBXContainerItemProxy */;
		};
/* End PBXTargetDependency section */

/* Begin PBXVariantGroup section */
		228D301C299787CA0012D048 /* Main.storyboard */ = {
			isa = PBXVariantGroup;
			children = (
				228D301D299787CA0012D048 /* Base */,
			);
			name = Main.storyboard;
			sourceTree = "<group>";
		};
		228D3024299787CB0012D048 /* LaunchScreen.storyboard */ = {
			isa = PBXVariantGroup;
			children = (
				228D3025299787CB0012D048 /* Base */,
			);
			name = LaunchScreen.storyboard;
			sourceTree = "<group>";
		};
/* End PBXVariantGroup section */

/* Begin XCBuildConfiguration section */
		228D303E299787CB0012D048 /* Debug */ = {
			isa = XCBuildConfiguration;
			buildSettings = {
				ALWAYS_SEARCH_USER_PATHS = NO;
				CLANG_ANALYZER_NONNULL = YES;
				CLANG_ANALYZER_NUMBER_OBJECT_CONVERSION = YES_AGGRESSIVE;
				CLANG_CXX_LANGUAGE_STANDARD = "gnu++20";
				CLANG_ENABLE_MODULES = YES;
				CLANG_ENABLE_OBJC_ARC = YES;
				CLANG_ENABLE_OBJC_WEAK = YES;
				CLANG_WARN_BLOCK_CAPTURE_AUTORELEASING = YES;
				CLANG_WARN_BOOL_CONVERSION = YES;
				CLANG_WARN_COMMA = YES;
				CLANG_WARN_CONSTANT_CONVERSION = YES;
				CLANG_WARN_DEPRECATED_OBJC_IMPLEMENTATIONS = YES;
				CLANG_WARN_DIRECT_OBJC_ISA_USAGE = YES_ERROR;
				CLANG_WARN_DOCUMENTATION_COMMENTS = YES;
				CLANG_WARN_EMPTY_BODY = YES;
				CLANG_WARN_ENUM_CONVERSION = YES;
				CLANG_WARN_INFINITE_RECURSION = YES;
				CLANG_WARN_INT_CONVERSION = YES;
				CLANG_WARN_NON_LITERAL_NULL_CONVERSION = YES;
				CLANG_WARN_OBJC_IMPLICIT_RETAIN_SELF = YES;
				CLANG_WARN_OBJC_LITERAL_CONVERSION = YES;
				CLANG_WARN_OBJC_ROOT_CLASS = YES_ERROR;
				CLANG_WARN_QUOTED_INCLUDE_IN_FRAMEWORK_HEADER = YES;
				CLANG_WARN_RANGE_LOOP_ANALYSIS = YES;
				CLANG_WARN_STRICT_PROTOTYPES = YES;
				CLANG_WARN_SUSPICIOUS_MOVE = YES;
				CLANG_WARN_UNGUARDED_AVAILABILITY = YES_AGGRESSIVE;
				CLANG_WARN_UNREACHABLE_CODE = YES;
				CLANG_WARN__DUPLICATE_METHOD_MATCH = YES;
				COPY_PHASE_STRIP = NO;
				DEBUG_INFORMATION_FORMAT = dwarf;
				ENABLE_STRICT_OBJC_MSGSEND = YES;
				ENABLE_TESTABILITY = YES;
				GCC_C_LANGUAGE_STANDARD = gnu11;
				GCC_DYNAMIC_NO_PIC = NO;
				GCC_NO_COMMON_BLOCKS = YES;
				GCC_OPTIMIZATION_LEVEL = 0;
				GCC_PREPROCESSOR_DEFINITIONS = (
					"DEBUG=1",
					"$(inherited)",
				);
				GCC_WARN_64_TO_32_BIT_CONVERSION = YES;
				GCC_WARN_ABOUT_RETURN_TYPE = YES_ERROR;
				GCC_WARN_UNDECLARED_SELECTOR = YES;
				GCC_WARN_UNINITIALIZED_AUTOS = YES_AGGRESSIVE;
				GCC_WARN_UNUSED_FUNCTION = YES;
				GCC_WARN_UNUSED_VARIABLE = YES;
				IPHONEOS_DEPLOYMENT_TARGET = 16.2;
				MTL_ENABLE_DEBUG_INFO = INCLUDE_SOURCE;
				MTL_FAST_MATH = YES;
				ONLY_ACTIVE_ARCH = YES;
				SDKROOT = iphoneos;
				SWIFT_ACTIVE_COMPILATION_CONDITIONS = DEBUG;
				SWIFT_OPTIMIZATION_LEVEL = "-Onone";
			};
			name = Debug;
		};
		228D303F299787CB0012D048 /* Release */ = {
			isa = XCBuildConfiguration;
			buildSettings = {
				ALWAYS_SEARCH_USER_PATHS = NO;
				CLANG_ANALYZER_NONNULL = YES;
				CLANG_ANALYZER_NUMBER_OBJECT_CONVERSION = YES_AGGRESSIVE;
				CLANG_CXX_LANGUAGE_STANDARD = "gnu++20";
				CLANG_ENABLE_MODULES = YES;
				CLANG_ENABLE_OBJC_ARC = YES;
				CLANG_ENABLE_OBJC_WEAK = YES;
				CLANG_WARN_BLOCK_CAPTURE_AUTORELEASING = YES;
				CLANG_WARN_BOOL_CONVERSION = YES;
				CLANG_WARN_COMMA = YES;
				CLANG_WARN_CONSTANT_CONVERSION = YES;
				CLANG_WARN_DEPRECATED_OBJC_IMPLEMENTATIONS = YES;
				CLANG_WARN_DIRECT_OBJC_ISA_USAGE = YES_ERROR;
				CLANG_WARN_DOCUMENTATION_COMMENTS = YES;
				CLANG_WARN_EMPTY_BODY = YES;
				CLANG_WARN_ENUM_CONVERSION = YES;
				CLANG_WARN_INFINITE_RECURSION = YES;
				CLANG_WARN_INT_CONVERSION = YES;
				CLANG_WARN_NON_LITERAL_NULL_CONVERSION = YES;
				CLANG_WARN_OBJC_IMPLICIT_RETAIN_SELF = YES;
				CLANG_WARN_OBJC_LITERAL_CONVERSION = YES;
				CLANG_WARN_OBJC_ROOT_CLASS = YES_ERROR;
				CLANG_WARN_QUOTED_INCLUDE_IN_FRAMEWORK_HEADER = YES;
				CLANG_WARN_RANGE_LOOP_ANALYSIS = YES;
				CLANG_WARN_STRICT_PROTOTYPES = YES;
				CLANG_WARN_SUSPICIOUS_MOVE = YES;
				CLANG_WARN_UNGUARDED_AVAILABILITY = YES_AGGRESSIVE;
				CLANG_WARN_UNREACHABLE_CODE = YES;
				CLANG_WARN__DUPLICATE_METHOD_MATCH = YES;
				COPY_PHASE_STRIP = NO;
				DEBUG_INFORMATION_FORMAT = "dwarf-with-dsym";
				ENABLE_NS_ASSERTIONS = NO;
				ENABLE_STRICT_OBJC_MSGSEND = YES;
				GCC_C_LANGUAGE_STANDARD = gnu11;
				GCC_NO_COMMON_BLOCKS = YES;
				GCC_WARN_64_TO_32_BIT_CONVERSION = YES;
				GCC_WARN_ABOUT_RETURN_TYPE = YES_ERROR;
				GCC_WARN_UNDECLARED_SELECTOR = YES;
				GCC_WARN_UNINITIALIZED_AUTOS = YES_AGGRESSIVE;
				GCC_WARN_UNUSED_FUNCTION = YES;
				GCC_WARN_UNUSED_VARIABLE = YES;
				IPHONEOS_DEPLOYMENT_TARGET = 16.2;
				MTL_ENABLE_DEBUG_INFO = NO;
				MTL_FAST_MATH = YES;
				SDKROOT = iphoneos;
				SWIFT_COMPILATION_MODE = wholemodule;
				SWIFT_OPTIMIZATION_LEVEL = "-O";
				VALIDATE_PRODUCT = YES;
			};
			name = Release;
		};
		228D3041299787CB0012D048 /* Debug */ = {
			isa = XCBuildConfiguration;
			buildSettings = {
				ASSETCATALOG_COMPILER_APPICON_NAME = AppIcon;
				ASSETCATALOG_COMPILER_GLOBAL_ACCENT_COLOR_NAME = AccentColor;
				CODE_SIGN_STYLE = Automatic;
				CURRENT_PROJECT_VERSION = 1;
				DEVELOPMENT_TEAM = B89W338U7L;
				GENERATE_INFOPLIST_FILE = YES;
				INFOPLIST_FILE = "The Movie App/Info.plist";
				INFOPLIST_KEY_UIApplicationSupportsIndirectInputEvents = YES;
				INFOPLIST_KEY_UILaunchStoryboardName = LaunchScreen;
				INFOPLIST_KEY_UIMainStoryboardFile = Main;
				INFOPLIST_KEY_UISupportedInterfaceOrientations = UIInterfaceOrientationPortrait;
				INFOPLIST_KEY_UISupportedInterfaceOrientations_iPad = "UIInterfaceOrientationLandscapeLeft UIInterfaceOrientationLandscapeRight UIInterfaceOrientationPortrait UIInterfaceOrientationPortraitUpsideDown";
				IPHONEOS_DEPLOYMENT_TARGET = 15.0;
				LD_RUNPATH_SEARCH_PATHS = (
					"$(inherited)",
					"@executable_path/Frameworks",
				);
				MARKETING_VERSION = 1.0;
				PRODUCT_BUNDLE_IDENTIFIER = "com.shxtrk.The-Movie-App";
				PRODUCT_NAME = "$(TARGET_NAME)";
				SUPPORTED_PLATFORMS = "iphoneos iphonesimulator";
				SUPPORTS_MACCATALYST = NO;
				SUPPORTS_MAC_DESIGNED_FOR_IPHONE_IPAD = NO;
				SWIFT_EMIT_LOC_STRINGS = YES;
				SWIFT_VERSION = 5.0;
				TARGETED_DEVICE_FAMILY = 1;
			};
			name = Debug;
		};
		228D3042299787CB0012D048 /* Release */ = {
			isa = XCBuildConfiguration;
			buildSettings = {
				ASSETCATALOG_COMPILER_APPICON_NAME = AppIcon;
				ASSETCATALOG_COMPILER_GLOBAL_ACCENT_COLOR_NAME = AccentColor;
				CODE_SIGN_STYLE = Automatic;
				CURRENT_PROJECT_VERSION = 1;
				DEVELOPMENT_TEAM = B89W338U7L;
				GENERATE_INFOPLIST_FILE = YES;
				INFOPLIST_FILE = "The Movie App/Info.plist";
				INFOPLIST_KEY_UIApplicationSupportsIndirectInputEvents = YES;
				INFOPLIST_KEY_UILaunchStoryboardName = LaunchScreen;
				INFOPLIST_KEY_UIMainStoryboardFile = Main;
				INFOPLIST_KEY_UISupportedInterfaceOrientations = UIInterfaceOrientationPortrait;
				INFOPLIST_KEY_UISupportedInterfaceOrientations_iPad = "UIInterfaceOrientationLandscapeLeft UIInterfaceOrientationLandscapeRight UIInterfaceOrientationPortrait UIInterfaceOrientationPortraitUpsideDown";
				IPHONEOS_DEPLOYMENT_TARGET = 15.0;
				LD_RUNPATH_SEARCH_PATHS = (
					"$(inherited)",
					"@executable_path/Frameworks",
				);
				MARKETING_VERSION = 1.0;
				PRODUCT_BUNDLE_IDENTIFIER = "com.shxtrk.The-Movie-App";
				PRODUCT_NAME = "$(TARGET_NAME)";
				SUPPORTED_PLATFORMS = "iphoneos iphonesimulator";
				SUPPORTS_MACCATALYST = NO;
				SUPPORTS_MAC_DESIGNED_FOR_IPHONE_IPAD = NO;
				SWIFT_EMIT_LOC_STRINGS = YES;
				SWIFT_VERSION = 5.0;
				TARGETED_DEVICE_FAMILY = 1;
			};
			name = Release;
		};
		228D3044299787CB0012D048 /* Debug */ = {
			isa = XCBuildConfiguration;
			buildSettings = {
				ALWAYS_EMBED_SWIFT_STANDARD_LIBRARIES = YES;
				BUNDLE_LOADER = "$(TEST_HOST)";
				CODE_SIGN_STYLE = Automatic;
				CURRENT_PROJECT_VERSION = 1;
				DEVELOPMENT_TEAM = B89W338U7L;
				GENERATE_INFOPLIST_FILE = YES;
				IPHONEOS_DEPLOYMENT_TARGET = 16.2;
				MARKETING_VERSION = 1.0;
				PRODUCT_BUNDLE_IDENTIFIER = "com.shxtrk.The-Movie-AppTests";
				PRODUCT_NAME = "$(TARGET_NAME)";
				SWIFT_EMIT_LOC_STRINGS = NO;
				SWIFT_VERSION = 5.0;
				TARGETED_DEVICE_FAMILY = "1,2";
				TEST_HOST = "$(BUILT_PRODUCTS_DIR)/The Movie App.app/$(BUNDLE_EXECUTABLE_FOLDER_PATH)/The Movie App";
			};
			name = Debug;
		};
		228D3045299787CB0012D048 /* Release */ = {
			isa = XCBuildConfiguration;
			buildSettings = {
				ALWAYS_EMBED_SWIFT_STANDARD_LIBRARIES = YES;
				BUNDLE_LOADER = "$(TEST_HOST)";
				CODE_SIGN_STYLE = Automatic;
				CURRENT_PROJECT_VERSION = 1;
				DEVELOPMENT_TEAM = B89W338U7L;
				GENERATE_INFOPLIST_FILE = YES;
				IPHONEOS_DEPLOYMENT_TARGET = 16.2;
				MARKETING_VERSION = 1.0;
				PRODUCT_BUNDLE_IDENTIFIER = "com.shxtrk.The-Movie-AppTests";
				PRODUCT_NAME = "$(TARGET_NAME)";
				SWIFT_EMIT_LOC_STRINGS = NO;
				SWIFT_VERSION = 5.0;
				TARGETED_DEVICE_FAMILY = "1,2";
				TEST_HOST = "$(BUILT_PRODUCTS_DIR)/The Movie App.app/$(BUNDLE_EXECUTABLE_FOLDER_PATH)/The Movie App";
			};
			name = Release;
		};
		228D3047299787CB0012D048 /* Debug */ = {
			isa = XCBuildConfiguration;
			buildSettings = {
				ALWAYS_EMBED_SWIFT_STANDARD_LIBRARIES = YES;
				CODE_SIGN_STYLE = Automatic;
				CURRENT_PROJECT_VERSION = 1;
				DEVELOPMENT_TEAM = B89W338U7L;
				GENERATE_INFOPLIST_FILE = YES;
				MARKETING_VERSION = 1.0;
				PRODUCT_BUNDLE_IDENTIFIER = "com.shxtrk.The-Movie-AppUITests";
				PRODUCT_NAME = "$(TARGET_NAME)";
				SWIFT_EMIT_LOC_STRINGS = NO;
				SWIFT_VERSION = 5.0;
				TARGETED_DEVICE_FAMILY = "1,2";
				TEST_TARGET_NAME = "The Movie App";
			};
			name = Debug;
		};
		228D3048299787CB0012D048 /* Release */ = {
			isa = XCBuildConfiguration;
			buildSettings = {
				ALWAYS_EMBED_SWIFT_STANDARD_LIBRARIES = YES;
				CODE_SIGN_STYLE = Automatic;
				CURRENT_PROJECT_VERSION = 1;
				DEVELOPMENT_TEAM = B89W338U7L;
				GENERATE_INFOPLIST_FILE = YES;
				MARKETING_VERSION = 1.0;
				PRODUCT_BUNDLE_IDENTIFIER = "com.shxtrk.The-Movie-AppUITests";
				PRODUCT_NAME = "$(TARGET_NAME)";
				SWIFT_EMIT_LOC_STRINGS = NO;
				SWIFT_VERSION = 5.0;
				TARGETED_DEVICE_FAMILY = "1,2";
				TEST_TARGET_NAME = "The Movie App";
			};
			name = Release;
		};
/* End XCBuildConfiguration section */

/* Begin XCConfigurationList section */
		228D300E299787CA0012D048 /* Build configuration list for PBXProject "The Movie App" */ = {
			isa = XCConfigurationList;
			buildConfigurations = (
				228D303E299787CB0012D048 /* Debug */,
				228D303F299787CB0012D048 /* Release */,
			);
			defaultConfigurationIsVisible = 0;
			defaultConfigurationName = Release;
		};
		228D3040299787CB0012D048 /* Build configuration list for PBXNativeTarget "The Movie App" */ = {
			isa = XCConfigurationList;
			buildConfigurations = (
				228D3041299787CB0012D048 /* Debug */,
				228D3042299787CB0012D048 /* Release */,
			);
			defaultConfigurationIsVisible = 0;
			defaultConfigurationName = Release;
		};
		228D3043299787CB0012D048 /* Build configuration list for PBXNativeTarget "The Movie AppTests" */ = {
			isa = XCConfigurationList;
			buildConfigurations = (
				228D3044299787CB0012D048 /* Debug */,
				228D3045299787CB0012D048 /* Release */,
			);
			defaultConfigurationIsVisible = 0;
			defaultConfigurationName = Release;
		};
		228D3046299787CB0012D048 /* Build configuration list for PBXNativeTarget "The Movie AppUITests" */ = {
			isa = XCConfigurationList;
			buildConfigurations = (
				228D3047299787CB0012D048 /* Debug */,
				228D3048299787CB0012D048 /* Release */,
			);
			defaultConfigurationIsVisible = 0;
			defaultConfigurationName = Release;
		};
/* End XCConfigurationList section */

/* Begin XCVersionGroup section */
		228D301F299787CA0012D048 /* The_Movie_App.xcdatamodeld */ = {
			isa = XCVersionGroup;
			children = (
				228D3020299787CA0012D048 /* The_Movie_App.xcdatamodel */,
			);
			currentVersion = 228D3020299787CA0012D048 /* The_Movie_App.xcdatamodel */;
			path = The_Movie_App.xcdatamodeld;
			sourceTree = "<group>";
			versionGroupType = wrapper.xcdatamodel;
		};
/* End XCVersionGroup section */
	};
	rootObject = 228D300B299787CA0012D048 /* Project object */;
}
