// !$*UTF8*$!
{
	archiveVersion = 1;
	classes = {
	};
	objectVersion = 56;
	objects = {

/* Begin PBXBuildFile section */
		2204F43C2998DCAA004BEDC9 /* RepositoryTask.swift in Sources */ = {isa = PBXBuildFile; fileRef = 2204F43B2998DCAA004BEDC9 /* RepositoryTask.swift */; };
		2204F43E2998DDF7004BEDC9 /* NetworkConfiguration.swift in Sources */ = {isa = PBXBuildFile; fileRef = 2204F43D2998DDF7004BEDC9 /* NetworkConfiguration.swift */; };
		2204F4402998E1A5004BEDC9 /* CoreDataStack.swift in Sources */ = {isa = PBXBuildFile; fileRef = 2204F43F2998E1A5004BEDC9 /* CoreDataStack.swift */; };
		2204F4442998E211004BEDC9 /* MovieEntity+CoreDataClass.swift in Sources */ = {isa = PBXBuildFile; fileRef = 2204F4422998E211004BEDC9 /* MovieEntity+CoreDataClass.swift */; };
		2204F4452998E211004BEDC9 /* MovieEntity+CoreDataProperties.swift in Sources */ = {isa = PBXBuildFile; fileRef = 2204F4432998E211004BEDC9 /* MovieEntity+CoreDataProperties.swift */; };
		2204F4472998E2F3004BEDC9 /* MoviesLocalDataSource.swift in Sources */ = {isa = PBXBuildFile; fileRef = 2204F4462998E2F3004BEDC9 /* MoviesLocalDataSource.swift */; };
		2204F44A2998E388004BEDC9 /* MoviesPersistentStorage.swift in Sources */ = {isa = PBXBuildFile; fileRef = 2204F4492998E388004BEDC9 /* MoviesPersistentStorage.swift */; };
		2204F44D29991903004BEDC9 /* MovieListCellItem.swift in Sources */ = {isa = PBXBuildFile; fileRef = 2204F44C29991903004BEDC9 /* MovieListCellItem.swift */; };
		2204F44F29991F42004BEDC9 /* ImagesRepository.swift in Sources */ = {isa = PBXBuildFile; fileRef = 2204F44E29991F42004BEDC9 /* ImagesRepository.swift */; };
		2204F45129991F7C004BEDC9 /* ImagesProvider.swift in Sources */ = {isa = PBXBuildFile; fileRef = 2204F45029991F7C004BEDC9 /* ImagesProvider.swift */; };
		2204F454299947E8004BEDC9 /* MovieDetailsViewController.swift in Sources */ = {isa = PBXBuildFile; fileRef = 2204F453299947E8004BEDC9 /* MovieDetailsViewController.swift */; };
		2204F457299947F8004BEDC9 /* MovieDetailsViewController.storyboard in Resources */ = {isa = PBXBuildFile; fileRef = 2204F456299947F8004BEDC9 /* MovieDetailsViewController.storyboard */; };
		2204F45A2999483A004BEDC9 /* MovieDetailsViewModel.swift in Sources */ = {isa = PBXBuildFile; fileRef = 2204F4592999483A004BEDC9 /* MovieDetailsViewModel.swift */; };
		2204F45D29994BF7004BEDC9 /* MovieDetailsCellItem.swift in Sources */ = {isa = PBXBuildFile; fileRef = 2204F45C29994BF7004BEDC9 /* MovieDetailsCellItem.swift */; };
		2204F45F29994C3F004BEDC9 /* MovieDetailsCell.swift in Sources */ = {isa = PBXBuildFile; fileRef = 2204F45E29994C3F004BEDC9 /* MovieDetailsCell.swift */; };
		2204F46829995D46004BEDC9 /* Localizable.strings in Resources */ = {isa = PBXBuildFile; fileRef = 2204F46A29995D46004BEDC9 /* Localizable.strings */; };
		2204F46D299963BA004BEDC9 /* SearchMoviesInteraction.swift in Sources */ = {isa = PBXBuildFile; fileRef = 2204F46C299963BA004BEDC9 /* SearchMoviesInteraction.swift */; };
		223965DD2998270C00B63626 /* ResponseDecoder.swift in Sources */ = {isa = PBXBuildFile; fileRef = 223965DC2998270C00B63626 /* ResponseDecoder.swift */; };
		223965DF2998276400B63626 /* NetworkSession.swift in Sources */ = {isa = PBXBuildFile; fileRef = 223965DE2998276400B63626 /* NetworkSession.swift */; };
		228D3017299787CA0012D048 /* AppDelegate.swift in Sources */ = {isa = PBXBuildFile; fileRef = 228D3016299787CA0012D048 /* AppDelegate.swift */; };
		228D3019299787CA0012D048 /* SceneDelegate.swift in Sources */ = {isa = PBXBuildFile; fileRef = 228D3018299787CA0012D048 /* SceneDelegate.swift */; };
		228D3021299787CA0012D048 /* The_Movie_App.xcdatamodeld in Sources */ = {isa = PBXBuildFile; fileRef = 228D301F299787CA0012D048 /* The_Movie_App.xcdatamodeld */; };
		228D3023299787CB0012D048 /* Assets.xcassets in Resources */ = {isa = PBXBuildFile; fileRef = 228D3022299787CB0012D048 /* Assets.xcassets */; };
		228D3026299787CB0012D048 /* LaunchScreen.storyboard in Resources */ = {isa = PBXBuildFile; fileRef = 228D3024299787CB0012D048 /* LaunchScreen.storyboard */; };
		228D3031299787CB0012D048 /* The_Movie_AppTests.swift in Sources */ = {isa = PBXBuildFile; fileRef = 228D3030299787CB0012D048 /* The_Movie_AppTests.swift */; };
		228D303B299787CB0012D048 /* The_Movie_AppUITests.swift in Sources */ = {isa = PBXBuildFile; fileRef = 228D303A299787CB0012D048 /* The_Movie_AppUITests.swift */; };
		228D303D299787CB0012D048 /* The_Movie_AppUITestsLaunchTests.swift in Sources */ = {isa = PBXBuildFile; fileRef = 228D303C299787CB0012D048 /* The_Movie_AppUITestsLaunchTests.swift */; };
		228D305029978B420012D048 /* AppCoordinator.swift in Sources */ = {isa = PBXBuildFile; fileRef = 228D304F29978B420012D048 /* AppCoordinator.swift */; };
		228D305229978BFC0012D048 /* IMDBDependencies.swift in Sources */ = {isa = PBXBuildFile; fileRef = 228D305129978BFC0012D048 /* IMDBDependencies.swift */; };
		228D30542997992B0012D048 /* MoviesCoordinator.swift in Sources */ = {isa = PBXBuildFile; fileRef = 228D30532997992B0012D048 /* MoviesCoordinator.swift */; };
		228D3056299799B80012D048 /* IMDBMoviesDependencies.swift in Sources */ = {isa = PBXBuildFile; fileRef = 228D3055299799B80012D048 /* IMDBMoviesDependencies.swift */; };
		228D305C29979E230012D048 /* StoryboardInstantiable.swift in Sources */ = {isa = PBXBuildFile; fileRef = 228D305B29979E230012D048 /* StoryboardInstantiable.swift */; };
		228D305E29979F020012D048 /* MovieListVewController.swift in Sources */ = {isa = PBXBuildFile; fileRef = 228D305D29979F020012D048 /* MovieListVewController.swift */; };
		228D306029979FF30012D048 /* MoviesListViewController.storyboard in Resources */ = {isa = PBXBuildFile; fileRef = 228D305F29979FF30012D048 /* MoviesListViewController.storyboard */; };
		228D30622997A1C40012D048 /* MovieListViewModel.swift in Sources */ = {isa = PBXBuildFile; fileRef = 228D30612997A1C40012D048 /* MovieListViewModel.swift */; };
		228D30642997AA820012D048 /* Observable.swift in Sources */ = {isa = PBXBuildFile; fileRef = 228D30632997AA820012D048 /* Observable.swift */; };
		228D30682997AD2E0012D048 /* Movie.swift in Sources */ = {isa = PBXBuildFile; fileRef = 228D30672997AD2E0012D048 /* Movie.swift */; };
		228D306C2997AFA30012D048 /* TopMoviesInteraction.swift in Sources */ = {isa = PBXBuildFile; fileRef = 228D306B2997AFA30012D048 /* TopMoviesInteraction.swift */; };
		228D306F2997B2E60012D048 /* InteractionTask.swift in Sources */ = {isa = PBXBuildFile; fileRef = 228D306E2997B2E60012D048 /* InteractionTask.swift */; };
		228D30712997B53D0012D048 /* MoviesProvider.swift in Sources */ = {isa = PBXBuildFile; fileRef = 228D30702997B53D0012D048 /* MoviesProvider.swift */; };
		228D30762997B8250012D048 /* Cancellable.swift in Sources */ = {isa = PBXBuildFile; fileRef = 228D30752997B8250012D048 /* Cancellable.swift */; };
		228D30782997C7010012D048 /* MovieListCell.swift in Sources */ = {isa = PBXBuildFile; fileRef = 228D30772997C7010012D048 /* MovieListCell.swift */; };
		228D307B2997CB550012D048 /* MoviesRepository.swift in Sources */ = {isa = PBXBuildFile; fileRef = 228D307A2997CB550012D048 /* MoviesRepository.swift */; };
		228D307F2997CE870012D048 /* RemoteDataSource.swift in Sources */ = {isa = PBXBuildFile; fileRef = 228D307E2997CE870012D048 /* RemoteDataSource.swift */; };
		228D30832997D0B60012D048 /* Network.swift in Sources */ = {isa = PBXBuildFile; fileRef = 228D30822997D0B60012D048 /* Network.swift */; };
		228D30852997E75D0012D048 /* Endpoint.swift in Sources */ = {isa = PBXBuildFile; fileRef = 228D30842997E75D0012D048 /* Endpoint.swift */; };
		228D308829980E9F0012D048 /* IMDBEndpoint.swift in Sources */ = {isa = PBXBuildFile; fileRef = 228D308729980E9F0012D048 /* IMDBEndpoint.swift */; };
/* End PBXBuildFile section */

/* Begin PBXContainerItemProxy section */
		228D302D299787CB0012D048 /* PBXContainerItemProxy */ = {
			isa = PBXContainerItemProxy;
			containerPortal = 228D300B299787CA0012D048 /* Project object */;
			proxyType = 1;
			remoteGlobalIDString = 228D3012299787CA0012D048;
			remoteInfo = "The Movie App";
		};
		228D3037299787CB0012D048 /* PBXContainerItemProxy */ = {
			isa = PBXContainerItemProxy;
			containerPortal = 228D300B299787CA0012D048 /* Project object */;
			proxyType = 1;
			remoteGlobalIDString = 228D3012299787CA0012D048;
			remoteInfo = "The Movie App";
		};
/* End PBXContainerItemProxy section */

/* Begin PBXFileReference section */
		2204F43B2998DCAA004BEDC9 /* RepositoryTask.swift */ = {isa = PBXFileReference; lastKnownFileType = sourcecode.swift; path = RepositoryTask.swift; sourceTree = "<group>"; };
		2204F43D2998DDF7004BEDC9 /* NetworkConfiguration.swift */ = {isa = PBXFileReference; lastKnownFileType = sourcecode.swift; path = NetworkConfiguration.swift; sourceTree = "<group>"; };
		2204F43F2998E1A5004BEDC9 /* CoreDataStack.swift */ = {isa = PBXFileReference; lastKnownFileType = sourcecode.swift; path = CoreDataStack.swift; sourceTree = "<group>"; };
		2204F4422998E211004BEDC9 /* MovieEntity+CoreDataClass.swift */ = {isa = PBXFileReference; lastKnownFileType = sourcecode.swift; path = "MovieEntity+CoreDataClass.swift"; sourceTree = "<group>"; };
		2204F4432998E211004BEDC9 /* MovieEntity+CoreDataProperties.swift */ = {isa = PBXFileReference; lastKnownFileType = sourcecode.swift; path = "MovieEntity+CoreDataProperties.swift"; sourceTree = "<group>"; };
		2204F4462998E2F3004BEDC9 /* MoviesLocalDataSource.swift */ = {isa = PBXFileReference; lastKnownFileType = sourcecode.swift; path = MoviesLocalDataSource.swift; sourceTree = "<group>"; };
		2204F4492998E388004BEDC9 /* MoviesPersistentStorage.swift */ = {isa = PBXFileReference; lastKnownFileType = sourcecode.swift; path = MoviesPersistentStorage.swift; sourceTree = "<group>"; };
		2204F44C29991903004BEDC9 /* MovieListCellItem.swift */ = {isa = PBXFileReference; lastKnownFileType = sourcecode.swift; path = MovieListCellItem.swift; sourceTree = "<group>"; };
		2204F44E29991F42004BEDC9 /* ImagesRepository.swift */ = {isa = PBXFileReference; lastKnownFileType = sourcecode.swift; path = ImagesRepository.swift; sourceTree = "<group>"; };
		2204F45029991F7C004BEDC9 /* ImagesProvider.swift */ = {isa = PBXFileReference; lastKnownFileType = sourcecode.swift; path = ImagesProvider.swift; sourceTree = "<group>"; };
		2204F453299947E8004BEDC9 /* MovieDetailsViewController.swift */ = {isa = PBXFileReference; lastKnownFileType = sourcecode.swift; path = MovieDetailsViewController.swift; sourceTree = "<group>"; };
		2204F456299947F8004BEDC9 /* MovieDetailsViewController.storyboard */ = {isa = PBXFileReference; lastKnownFileType = file.storyboard; path = MovieDetailsViewController.storyboard; sourceTree = "<group>"; };
		2204F4592999483A004BEDC9 /* MovieDetailsViewModel.swift */ = {isa = PBXFileReference; lastKnownFileType = sourcecode.swift; path = MovieDetailsViewModel.swift; sourceTree = "<group>"; };
		2204F45C29994BF7004BEDC9 /* MovieDetailsCellItem.swift */ = {isa = PBXFileReference; lastKnownFileType = sourcecode.swift; path = MovieDetailsCellItem.swift; sourceTree = "<group>"; };
		2204F45E29994C3F004BEDC9 /* MovieDetailsCell.swift */ = {isa = PBXFileReference; lastKnownFileType = sourcecode.swift; path = MovieDetailsCell.swift; sourceTree = "<group>"; };
		2204F46529995D08004BEDC9 /* uk */ = {isa = PBXFileReference; lastKnownFileType = text.plist.strings; name = uk; path = uk.lproj/LaunchScreen.strings; sourceTree = "<group>"; };
		2204F46929995D46004BEDC9 /* en */ = {isa = PBXFileReference; lastKnownFileType = text.plist.strings; name = en; path = en.lproj/Localizable.strings; sourceTree = "<group>"; };
		2204F46B29995D4A004BEDC9 /* uk */ = {isa = PBXFileReference; lastKnownFileType = text.plist.strings; name = uk; path = uk.lproj/Localizable.strings; sourceTree = "<group>"; };
		2204F46C299963BA004BEDC9 /* SearchMoviesInteraction.swift */ = {isa = PBXFileReference; lastKnownFileType = sourcecode.swift; path = SearchMoviesInteraction.swift; sourceTree = "<group>"; };
		223965DC2998270C00B63626 /* ResponseDecoder.swift */ = {isa = PBXFileReference; lastKnownFileType = sourcecode.swift; path = ResponseDecoder.swift; sourceTree = "<group>"; };
		223965DE2998276400B63626 /* NetworkSession.swift */ = {isa = PBXFileReference; lastKnownFileType = sourcecode.swift; path = NetworkSession.swift; sourceTree = "<group>"; };
		228D3013299787CA0012D048 /* The Movie App.app */ = {isa = PBXFileReference; explicitFileType = wrapper.application; includeInIndex = 0; path = "The Movie App.app"; sourceTree = BUILT_PRODUCTS_DIR; };
		228D3016299787CA0012D048 /* AppDelegate.swift */ = {isa = PBXFileReference; lastKnownFileType = sourcecode.swift; path = AppDelegate.swift; sourceTree = "<group>"; };
		228D3018299787CA0012D048 /* SceneDelegate.swift */ = {isa = PBXFileReference; lastKnownFileType = sourcecode.swift; path = SceneDelegate.swift; sourceTree = "<group>"; };
		228D3020299787CA0012D048 /* The_Movie_App.xcdatamodel */ = {isa = PBXFileReference; lastKnownFileType = wrapper.xcdatamodel; path = The_Movie_App.xcdatamodel; sourceTree = "<group>"; };
		228D3022299787CB0012D048 /* Assets.xcassets */ = {isa = PBXFileReference; lastKnownFileType = folder.assetcatalog; path = Assets.xcassets; sourceTree = "<group>"; };
		228D3025299787CB0012D048 /* Base */ = {isa = PBXFileReference; lastKnownFileType = file.storyboard; name = Base; path = Base.lproj/LaunchScreen.storyboard; sourceTree = "<group>"; };
		228D3027299787CB0012D048 /* Info.plist */ = {isa = PBXFileReference; lastKnownFileType = text.plist.xml; path = Info.plist; sourceTree = "<group>"; };
		228D302C299787CB0012D048 /* The Movie AppTests.xctest */ = {isa = PBXFileReference; explicitFileType = wrapper.cfbundle; includeInIndex = 0; path = "The Movie AppTests.xctest"; sourceTree = BUILT_PRODUCTS_DIR; };
		228D3030299787CB0012D048 /* The_Movie_AppTests.swift */ = {isa = PBXFileReference; lastKnownFileType = sourcecode.swift; path = The_Movie_AppTests.swift; sourceTree = "<group>"; };
		228D3036299787CB0012D048 /* The Movie AppUITests.xctest */ = {isa = PBXFileReference; explicitFileType = wrapper.cfbundle; includeInIndex = 0; path = "The Movie AppUITests.xctest"; sourceTree = BUILT_PRODUCTS_DIR; };
		228D303A299787CB0012D048 /* The_Movie_AppUITests.swift */ = {isa = PBXFileReference; lastKnownFileType = sourcecode.swift; path = The_Movie_AppUITests.swift; sourceTree = "<group>"; };
		228D303C299787CB0012D048 /* The_Movie_AppUITestsLaunchTests.swift */ = {isa = PBXFileReference; lastKnownFileType = sourcecode.swift; path = The_Movie_AppUITestsLaunchTests.swift; sourceTree = "<group>"; };
		228D304F29978B420012D048 /* AppCoordinator.swift */ = {isa = PBXFileReference; lastKnownFileType = sourcecode.swift; path = AppCoordinator.swift; sourceTree = "<group>"; };
		228D305129978BFC0012D048 /* IMDBDependencies.swift */ = {isa = PBXFileReference; lastKnownFileType = sourcecode.swift; path = IMDBDependencies.swift; sourceTree = "<group>"; };
		228D30532997992B0012D048 /* MoviesCoordinator.swift */ = {isa = PBXFileReference; lastKnownFileType = sourcecode.swift; path = MoviesCoordinator.swift; sourceTree = "<group>"; };
		228D3055299799B80012D048 /* IMDBMoviesDependencies.swift */ = {isa = PBXFileReference; lastKnownFileType = sourcecode.swift; path = IMDBMoviesDependencies.swift; sourceTree = "<group>"; };
		228D305B29979E230012D048 /* StoryboardInstantiable.swift */ = {isa = PBXFileReference; lastKnownFileType = sourcecode.swift; path = StoryboardInstantiable.swift; sourceTree = "<group>"; };
		228D305D29979F020012D048 /* MovieListVewController.swift */ = {isa = PBXFileReference; lastKnownFileType = sourcecode.swift; path = MovieListVewController.swift; sourceTree = "<group>"; };
		228D305F29979FF30012D048 /* MoviesListViewController.storyboard */ = {isa = PBXFileReference; lastKnownFileType = file.storyboard; path = MoviesListViewController.storyboard; sourceTree = "<group>"; };
		228D30612997A1C40012D048 /* MovieListViewModel.swift */ = {isa = PBXFileReference; lastKnownFileType = sourcecode.swift; path = MovieListViewModel.swift; sourceTree = "<group>"; };
		228D30632997AA820012D048 /* Observable.swift */ = {isa = PBXFileReference; lastKnownFileType = sourcecode.swift; path = Observable.swift; sourceTree = "<group>"; };
		228D30672997AD2E0012D048 /* Movie.swift */ = {isa = PBXFileReference; lastKnownFileType = sourcecode.swift; path = Movie.swift; sourceTree = "<group>"; };
		228D306B2997AFA30012D048 /* TopMoviesInteraction.swift */ = {isa = PBXFileReference; lastKnownFileType = sourcecode.swift; path = TopMoviesInteraction.swift; sourceTree = "<group>"; };
		228D306E2997B2E60012D048 /* InteractionTask.swift */ = {isa = PBXFileReference; lastKnownFileType = sourcecode.swift; path = InteractionTask.swift; sourceTree = "<group>"; };
		228D30702997B53D0012D048 /* MoviesProvider.swift */ = {isa = PBXFileReference; lastKnownFileType = sourcecode.swift; path = MoviesProvider.swift; sourceTree = "<group>"; };
		228D30752997B8250012D048 /* Cancellable.swift */ = {isa = PBXFileReference; lastKnownFileType = sourcecode.swift; path = Cancellable.swift; sourceTree = "<group>"; };
		228D30772997C7010012D048 /* MovieListCell.swift */ = {isa = PBXFileReference; lastKnownFileType = sourcecode.swift; path = MovieListCell.swift; sourceTree = "<group>"; };
		228D307A2997CB550012D048 /* MoviesRepository.swift */ = {isa = PBXFileReference; lastKnownFileType = sourcecode.swift; path = MoviesRepository.swift; sourceTree = "<group>"; };
		228D307E2997CE870012D048 /* RemoteDataSource.swift */ = {isa = PBXFileReference; lastKnownFileType = sourcecode.swift; path = RemoteDataSource.swift; sourceTree = "<group>"; };
		228D30822997D0B60012D048 /* Network.swift */ = {isa = PBXFileReference; lastKnownFileType = sourcecode.swift; path = Network.swift; sourceTree = "<group>"; };
		228D30842997E75D0012D048 /* Endpoint.swift */ = {isa = PBXFileReference; lastKnownFileType = sourcecode.swift; path = Endpoint.swift; sourceTree = "<group>"; };
		228D308729980E9F0012D048 /* IMDBEndpoint.swift */ = {isa = PBXFileReference; lastKnownFileType = sourcecode.swift; path = IMDBEndpoint.swift; sourceTree = "<group>"; };
/* End PBXFileReference section */

/* Begin PBXFrameworksBuildPhase section */
		228D3010299787CA0012D048 /* Frameworks */ = {
			isa = PBXFrameworksBuildPhase;
			buildActionMask = 2147483647;
			files = (
			);
			runOnlyForDeploymentPostprocessing = 0;
		};
		228D3029299787CB0012D048 /* Frameworks */ = {
			isa = PBXFrameworksBuildPhase;
			buildActionMask = 2147483647;
			files = (
			);
			runOnlyForDeploymentPostprocessing = 0;
		};
		228D3033299787CB0012D048 /* Frameworks */ = {
			isa = PBXFrameworksBuildPhase;
			buildActionMask = 2147483647;
			files = (
			);
			runOnlyForDeploymentPostprocessing = 0;
		};
/* End PBXFrameworksBuildPhase section */

/* Begin PBXGroup section */
		2204F4392998D7AE004BEDC9 /* Endpoints */ = {
			isa = PBXGroup;
			children = (
				228D308729980E9F0012D048 /* IMDBEndpoint.swift */,
			);
			path = Endpoints;
			sourceTree = "<group>";
		};
		2204F43A2998DC8F004BEDC9 /* Utils */ = {
			isa = PBXGroup;
			children = (
				2204F43B2998DCAA004BEDC9 /* RepositoryTask.swift */,
			);
			path = Utils;
			sourceTree = "<group>";
		};
		2204F4412998E1E3004BEDC9 /* Entity */ = {
			isa = PBXGroup;
			children = (
				2204F4422998E211004BEDC9 /* MovieEntity+CoreDataClass.swift */,
				2204F4432998E211004BEDC9 /* MovieEntity+CoreDataProperties.swift */,
			);
			path = Entity;
			sourceTree = "<group>";
		};
		2204F4482998E370004BEDC9 /* PersistentStorage */ = {
			isa = PBXGroup;
			children = (
				2204F4492998E388004BEDC9 /* MoviesPersistentStorage.swift */,
			);
			path = PersistentStorage;
			sourceTree = "<group>";
		};
		2204F44B29991886004BEDC9 /* Items */ = {
			isa = PBXGroup;
			children = (
				2204F44C29991903004BEDC9 /* MovieListCellItem.swift */,
			);
			path = Items;
			sourceTree = "<group>";
		};
		2204F452299947D5004BEDC9 /* MovieDetails */ = {
			isa = PBXGroup;
			children = (
				2204F45B29994BE8004BEDC9 /* Items */,
				2204F455299947EE004BEDC9 /* View */,
				2204F45829994825004BEDC9 /* ViewModel */,
			);
			path = MovieDetails;
			sourceTree = "<group>";
		};
		2204F455299947EE004BEDC9 /* View */ = {
			isa = PBXGroup;
			children = (
				2204F45E29994C3F004BEDC9 /* MovieDetailsCell.swift */,
				2204F453299947E8004BEDC9 /* MovieDetailsViewController.swift */,
				2204F456299947F8004BEDC9 /* MovieDetailsViewController.storyboard */,
			);
			path = View;
			sourceTree = "<group>";
		};
		2204F45829994825004BEDC9 /* ViewModel */ = {
			isa = PBXGroup;
			children = (
				2204F4592999483A004BEDC9 /* MovieDetailsViewModel.swift */,
			);
			path = ViewModel;
			sourceTree = "<group>";
		};
		2204F45B29994BE8004BEDC9 /* Items */ = {
			isa = PBXGroup;
			children = (
				2204F45C29994BF7004BEDC9 /* MovieDetailsCellItem.swift */,
			);
			path = Items;
			sourceTree = "<group>";
		};
		228D300A299787CA0012D048 = {
			isa = PBXGroup;
			children = (
				228D3015299787CA0012D048 /* The Movie App */,
				228D302F299787CB0012D048 /* The Movie AppTests */,
				228D3039299787CB0012D048 /* The Movie AppUITests */,
				228D3014299787CA0012D048 /* Products */,
			);
			sourceTree = "<group>";
		};
		228D3014299787CA0012D048 /* Products */ = {
			isa = PBXGroup;
			children = (
				228D3013299787CA0012D048 /* The Movie App.app */,
				228D302C299787CB0012D048 /* The Movie AppTests.xctest */,
				228D3036299787CB0012D048 /* The Movie AppUITests.xctest */,
			);
			name = Products;
			sourceTree = "<group>";
		};
		228D3015299787CA0012D048 /* The Movie App */ = {
			isa = PBXGroup;
			children = (
				228D304A2997898B0012D048 /* Application */,
				228D304E29978A650012D048 /* Dependency */,
				228D30742997B7D90012D048 /* General */,
				228D304B29978A4B0012D048 /* Data */,
				228D304D29978A5E0012D048 /* Interaction */,
				228D304C29978A550012D048 /* Presentation */,
				228D30492997895B0012D048 /* Resources */,
			);
			path = "The Movie App";
			sourceTree = "<group>";
		};
		228D302F299787CB0012D048 /* The Movie AppTests */ = {
			isa = PBXGroup;
			children = (
				228D3030299787CB0012D048 /* The_Movie_AppTests.swift */,
			);
			path = "The Movie AppTests";
			sourceTree = "<group>";
		};
		228D3039299787CB0012D048 /* The Movie AppUITests */ = {
			isa = PBXGroup;
			children = (
				228D303A299787CB0012D048 /* The_Movie_AppUITests.swift */,
				228D303C299787CB0012D048 /* The_Movie_AppUITestsLaunchTests.swift */,
			);
			path = "The Movie AppUITests";
			sourceTree = "<group>";
		};
		228D30492997895B0012D048 /* Resources */ = {
			isa = PBXGroup;
			children = (
				228D3022299787CB0012D048 /* Assets.xcassets */,
				228D3027299787CB0012D048 /* Info.plist */,
				228D3024299787CB0012D048 /* LaunchScreen.storyboard */,
				2204F46A29995D46004BEDC9 /* Localizable.strings */,
			);
			path = Resources;
			sourceTree = "<group>";
		};
		228D304A2997898B0012D048 /* Application */ = {
			isa = PBXGroup;
			children = (
				228D3016299787CA0012D048 /* AppDelegate.swift */,
				228D3018299787CA0012D048 /* SceneDelegate.swift */,
				228D304F29978B420012D048 /* AppCoordinator.swift */,
			);
			path = Application;
			sourceTree = "<group>";
		};
		228D304B29978A4B0012D048 /* Data */ = {
			isa = PBXGroup;
			children = (
				228D30792997CB200012D048 /* Repository */,
				228D307C2997CE500012D048 /* RemoteDataSource */,
				228D307D2997CE690012D048 /* LocalDataSource */,
			);
			path = Data;
			sourceTree = "<group>";
		};
		228D304C29978A550012D048 /* Presentation */ = {
			isa = PBXGroup;
			children = (
				228D30652997ABA60012D048 /* MoviesUserStory */,
				228D305A29979DE90012D048 /* Utility */,
			);
			path = Presentation;
			sourceTree = "<group>";
		};
		228D304D29978A5E0012D048 /* Interaction */ = {
			isa = PBXGroup;
			children = (
				228D30662997AC750012D048 /* Model */,
				228D30722997B64B0012D048 /* Interactions */,
				228D30732997B6530012D048 /* Interface */,
				228D306D2997B2B00012D048 /* Utility */,
			);
			path = Interaction;
			sourceTree = "<group>";
		};
		228D304E29978A650012D048 /* Dependency */ = {
			isa = PBXGroup;
			children = (
				228D305129978BFC0012D048 /* IMDBDependencies.swift */,
				228D3055299799B80012D048 /* IMDBMoviesDependencies.swift */,
			);
			path = Dependency;
			sourceTree = "<group>";
		};
		228D305729979D4C0012D048 /* MovieList */ = {
			isa = PBXGroup;
			children = (
				2204F44B29991886004BEDC9 /* Items */,
				228D305929979DB20012D048 /* View */,
				228D305829979DA90012D048 /* ViewModel */,
			);
			path = MovieList;
			sourceTree = "<group>";
		};
		228D305829979DA90012D048 /* ViewModel */ = {
			isa = PBXGroup;
			children = (
				228D30612997A1C40012D048 /* MovieListViewModel.swift */,
			);
			path = ViewModel;
			sourceTree = "<group>";
		};
		228D305929979DB20012D048 /* View */ = {
			isa = PBXGroup;
			children = (
				228D30772997C7010012D048 /* MovieListCell.swift */,
				228D305D29979F020012D048 /* MovieListVewController.swift */,
				228D305F29979FF30012D048 /* MoviesListViewController.storyboard */,
			);
			path = View;
			sourceTree = "<group>";
		};
		228D305A29979DE90012D048 /* Utility */ = {
			isa = PBXGroup;
			children = (
				228D305B29979E230012D048 /* StoryboardInstantiable.swift */,
				228D30632997AA820012D048 /* Observable.swift */,
			);
			path = Utility;
			sourceTree = "<group>";
		};
		228D30652997ABA60012D048 /* MoviesUserStory */ = {
			isa = PBXGroup;
			children = (
				228D30532997992B0012D048 /* MoviesCoordinator.swift */,
				2204F452299947D5004BEDC9 /* MovieDetails */,
				228D305729979D4C0012D048 /* MovieList */,
			);
			path = MoviesUserStory;
			sourceTree = "<group>";
		};
		228D30662997AC750012D048 /* Model */ = {
			isa = PBXGroup;
			children = (
				228D30672997AD2E0012D048 /* Movie.swift */,
			);
			path = Model;
			sourceTree = "<group>";
		};
		228D306D2997B2B00012D048 /* Utility */ = {
			isa = PBXGroup;
			children = (
				228D306E2997B2E60012D048 /* InteractionTask.swift */,
			);
			path = Utility;
			sourceTree = "<group>";
		};
		228D30722997B64B0012D048 /* Interactions */ = {
			isa = PBXGroup;
			children = (
				228D306B2997AFA30012D048 /* TopMoviesInteraction.swift */,
				2204F46C299963BA004BEDC9 /* SearchMoviesInteraction.swift */,
			);
			path = Interactions;
			sourceTree = "<group>";
		};
		228D30732997B6530012D048 /* Interface */ = {
			isa = PBXGroup;
			children = (
				228D30702997B53D0012D048 /* MoviesProvider.swift */,
				2204F45029991F7C004BEDC9 /* ImagesProvider.swift */,
			);
			path = Interface;
			sourceTree = "<group>";
		};
		228D30742997B7D90012D048 /* General */ = {
			isa = PBXGroup;
			children = (
				228D30752997B8250012D048 /* Cancellable.swift */,
			);
			path = General;
			sourceTree = "<group>";
		};
		228D30792997CB200012D048 /* Repository */ = {
			isa = PBXGroup;
			children = (
				228D307A2997CB550012D048 /* MoviesRepository.swift */,
				2204F44E29991F42004BEDC9 /* ImagesRepository.swift */,
				2204F43A2998DC8F004BEDC9 /* Utils */,
			);
			path = Repository;
			sourceTree = "<group>";
		};
		228D307C2997CE500012D048 /* RemoteDataSource */ = {
			isa = PBXGroup;
			children = (
				228D307E2997CE870012D048 /* RemoteDataSource.swift */,
				2204F4392998D7AE004BEDC9 /* Endpoints */,
				228D30802997CF630012D048 /* Networking */,
			);
			path = RemoteDataSource;
			sourceTree = "<group>";
		};
		228D307D2997CE690012D048 /* LocalDataSource */ = {
			isa = PBXGroup;
			children = (
				2204F4462998E2F3004BEDC9 /* MoviesLocalDataSource.swift */,
				228D30812997CFA70012D048 /* CoreDataStack */,
			);
			path = LocalDataSource;
			sourceTree = "<group>";
		};
		228D30802997CF630012D048 /* Networking */ = {
			isa = PBXGroup;
			children = (
				228D30842997E75D0012D048 /* Endpoint.swift */,
				228D30822997D0B60012D048 /* Network.swift */,
				2204F43D2998DDF7004BEDC9 /* NetworkConfiguration.swift */,
				223965DE2998276400B63626 /* NetworkSession.swift */,
				223965DC2998270C00B63626 /* ResponseDecoder.swift */,
			);
			path = Networking;
			sourceTree = "<group>";
		};
		228D30812997CFA70012D048 /* CoreDataStack */ = {
			isa = PBXGroup;
			children = (
				2204F4482998E370004BEDC9 /* PersistentStorage */,
				2204F4412998E1E3004BEDC9 /* Entity */,
				2204F43F2998E1A5004BEDC9 /* CoreDataStack.swift */,
				228D301F299787CA0012D048 /* The_Movie_App.xcdatamodeld */,
			);
			path = CoreDataStack;
			sourceTree = "<group>";
		};
/* End PBXGroup section */

/* Begin PBXNativeTarget section */
		228D3012299787CA0012D048 /* The Movie App */ = {
			isa = PBXNativeTarget;
			buildConfigurationList = 228D3040299787CB0012D048 /* Build configuration list for PBXNativeTarget "The Movie App" */;
			buildPhases = (
				228D300F299787CA0012D048 /* Sources */,
				228D3010299787CA0012D048 /* Frameworks */,
				228D3011299787CA0012D048 /* Resources */,
			);
			buildRules = (
			);
			dependencies = (
			);
			name = "The Movie App";
			productName = "The Movie App";
			productReference = 228D3013299787CA0012D048 /* The Movie App.app */;
			productType = "com.apple.product-type.application";
		};
		228D302B299787CB0012D048 /* The Movie AppTests */ = {
			isa = PBXNativeTarget;
			buildConfigurationList = 228D3043299787CB0012D048 /* Build configuration list for PBXNativeTarget "The Movie AppTests" */;
			buildPhases = (
				228D3028299787CB0012D048 /* Sources */,
				228D3029299787CB0012D048 /* Frameworks */,
				228D302A299787CB0012D048 /* Resources */,
			);
			buildRules = (
			);
			dependencies = (
				228D302E299787CB0012D048 /* PBXTargetDependency */,
			);
			name = "The Movie AppTests";
			productName = "The Movie AppTests";
			productReference = 228D302C299787CB0012D048 /* The Movie AppTests.xctest */;
			productType = "com.apple.product-type.bundle.unit-test";
		};
		228D3035299787CB0012D048 /* The Movie AppUITests */ = {
			isa = PBXNativeTarget;
			buildConfigurationList = 228D3046299787CB0012D048 /* Build configuration list for PBXNativeTarget "The Movie AppUITests" */;
			buildPhases = (
				228D3032299787CB0012D048 /* Sources */,
				228D3033299787CB0012D048 /* Frameworks */,
				228D3034299787CB0012D048 /* Resources */,
			);
			buildRules = (
			);
			dependencies = (
				228D3038299787CB0012D048 /* PBXTargetDependency */,
			);
			name = "The Movie AppUITests";
			productName = "The Movie AppUITests";
			productReference = 228D3036299787CB0012D048 /* The Movie AppUITests.xctest */;
			productType = "com.apple.product-type.bundle.ui-testing";
		};
/* End PBXNativeTarget section */

/* Begin PBXProject section */
		228D300B299787CA0012D048 /* Project object */ = {
			isa = PBXProject;
			attributes = {
				BuildIndependentTargetsInParallel = 1;
				LastSwiftUpdateCheck = 1420;
				LastUpgradeCheck = 1420;
				TargetAttributes = {
					228D3012299787CA0012D048 = {
						CreatedOnToolsVersion = 14.2;
					};
					228D302B299787CB0012D048 = {
						CreatedOnToolsVersion = 14.2;
						TestTargetID = 228D3012299787CA0012D048;
					};
					228D3035299787CB0012D048 = {
						CreatedOnToolsVersion = 14.2;
						TestTargetID = 228D3012299787CA0012D048;
					};
				};
			};
			buildConfigurationList = 228D300E299787CA0012D048 /* Build configuration list for PBXProject "The Movie App" */;
			compatibilityVersion = "Xcode 14.0";
			developmentRegion = en;
			hasScannedForEncodings = 0;
			knownRegions = (
				en,
				Base,
				uk,
			);
			mainGroup = 228D300A299787CA0012D048;
			productRefGroup = 228D3014299787CA0012D048 /* Products */;
			projectDirPath = "";
			projectRoot = "";
			targets = (
				228D3012299787CA0012D048 /* The Movie App */,
				228D302B299787CB0012D048 /* The Movie AppTests */,
				228D3035299787CB0012D048 /* The Movie AppUITests */,
			);
		};
/* End PBXProject section */

/* Begin PBXResourcesBuildPhase section */
		228D3011299787CA0012D048 /* Resources */ = {
			isa = PBXResourcesBuildPhase;
			buildActionMask = 2147483647;
			files = (
				2204F46829995D46004BEDC9 /* Localizable.strings in Resources */,
				228D3026299787CB0012D048 /* LaunchScreen.storyboard in Resources */,
				2204F457299947F8004BEDC9 /* MovieDetailsViewController.storyboard in Resources */,
				228D3023299787CB0012D048 /* Assets.xcassets in Resources */,
				228D306029979FF30012D048 /* MoviesListViewController.storyboard in Resources */,
			);
			runOnlyForDeploymentPostprocessing = 0;
		};
		228D302A299787CB0012D048 /* Resources */ = {
			isa = PBXResourcesBuildPhase;
			buildActionMask = 2147483647;
			files = (
			);
			runOnlyForDeploymentPostprocessing = 0;
		};
		228D3034299787CB0012D048 /* Resources */ = {
			isa = PBXResourcesBuildPhase;
			buildActionMask = 2147483647;
			files = (
			);
			runOnlyForDeploymentPostprocessing = 0;
		};
/* End PBXResourcesBuildPhase section */

/* Begin PBXSourcesBuildPhase section */
		228D300F299787CA0012D048 /* Sources */ = {
			isa = PBXSourcesBuildPhase;
			buildActionMask = 2147483647;
			files = (
				2204F4472998E2F3004BEDC9 /* MoviesLocalDataSource.swift in Sources */,
				2204F45D29994BF7004BEDC9 /* MovieDetailsCellItem.swift in Sources */,
				228D30642997AA820012D048 /* Observable.swift in Sources */,
				2204F45129991F7C004BEDC9 /* ImagesProvider.swift in Sources */,
				228D30832997D0B60012D048 /* Network.swift in Sources */,
				228D308829980E9F0012D048 /* IMDBEndpoint.swift in Sources */,
				2204F4402998E1A5004BEDC9 /* CoreDataStack.swift in Sources */,
				228D30712997B53D0012D048 /* MoviesProvider.swift in Sources */,
				228D30762997B8250012D048 /* Cancellable.swift in Sources */,
				2204F45A2999483A004BEDC9 /* MovieDetailsViewModel.swift in Sources */,
				228D305029978B420012D048 /* AppCoordinator.swift in Sources */,
				2204F45F29994C3F004BEDC9 /* MovieDetailsCell.swift in Sources */,
				228D307B2997CB550012D048 /* MoviesRepository.swift in Sources */,
				2204F454299947E8004BEDC9 /* MovieDetailsViewController.swift in Sources */,
				228D30682997AD2E0012D048 /* Movie.swift in Sources */,
				228D30852997E75D0012D048 /* Endpoint.swift in Sources */,
				228D305229978BFC0012D048 /* IMDBDependencies.swift in Sources */,
				228D3017299787CA0012D048 /* AppDelegate.swift in Sources */,
				228D306C2997AFA30012D048 /* TopMoviesInteraction.swift in Sources */,
				2204F44F29991F42004BEDC9 /* ImagesRepository.swift in Sources */,
				228D30542997992B0012D048 /* MoviesCoordinator.swift in Sources */,
				2204F43E2998DDF7004BEDC9 /* NetworkConfiguration.swift in Sources */,
				228D3021299787CA0012D048 /* The_Movie_App.xcdatamodeld in Sources */,
				228D3056299799B80012D048 /* IMDBMoviesDependencies.swift in Sources */,
				228D30782997C7010012D048 /* MovieListCell.swift in Sources */,
				228D305E29979F020012D048 /* MovieListVewController.swift in Sources */,
				2204F4442998E211004BEDC9 /* MovieEntity+CoreDataClass.swift in Sources */,
				2204F46D299963BA004BEDC9 /* SearchMoviesInteraction.swift in Sources */,
				2204F44A2998E388004BEDC9 /* MoviesPersistentStorage.swift in Sources */,
				223965DD2998270C00B63626 /* ResponseDecoder.swift in Sources */,
				228D305C29979E230012D048 /* StoryboardInstantiable.swift in Sources */,
				228D307F2997CE870012D048 /* RemoteDataSource.swift in Sources */,
				228D306F2997B2E60012D048 /* InteractionTask.swift in Sources */,
				2204F43C2998DCAA004BEDC9 /* RepositoryTask.swift in Sources */,
				223965DF2998276400B63626 /* NetworkSession.swift in Sources */,
				2204F4452998E211004BEDC9 /* MovieEntity+CoreDataProperties.swift in Sources */,
				2204F44D29991903004BEDC9 /* MovieListCellItem.swift in Sources */,
				228D3019299787CA0012D048 /* SceneDelegate.swift in Sources */,
				228D30622997A1C40012D048 /* MovieListViewModel.swift in Sources */,
			);
			runOnlyForDeploymentPostprocessing = 0;
		};
		228D3028299787CB0012D048 /* Sources */ = {
			isa = PBXSourcesBuildPhase;
			buildActionMask = 2147483647;
			files = (
				228D3031299787CB0012D048 /* The_Movie_AppTests.swift in Sources */,
			);
			runOnlyForDeploymentPostprocessing = 0;
		};
		228D3032299787CB0012D048 /* Sources */ = {
			isa = PBXSourcesBuildPhase;
			buildActionMask = 2147483647;
			files = (
				228D303B299787CB0012D048 /* The_Movie_AppUITests.swift in Sources */,
				228D303D299787CB0012D048 /* The_Movie_AppUITestsLaunchTests.swift in Sources */,
			);
			runOnlyForDeploymentPostprocessing = 0;
		};
/* End PBXSourcesBuildPhase section */

/* Begin PBXTargetDependency section */
		228D302E299787CB0012D048 /* PBXTargetDependency */ = {
			isa = PBXTargetDependency;
			target = 228D3012299787CA0012D048 /* The Movie App */;
			targetProxy = 228D302D299787CB0012D048 /* PBXContainerItemProxy */;
		};
		228D3038299787CB0012D048 /* PBXTargetDependency */ = {
			isa = PBXTargetDependency;
			target = 228D3012299787CA0012D048 /* The Movie App */;
			targetProxy = 228D3037299787CB0012D048 /* PBXContainerItemProxy */;
		};
/* End PBXTargetDependency section */

/* Begin PBXVariantGroup section */
		2204F46A29995D46004BEDC9 /* Localizable.strings */ = {
			isa = PBXVariantGroup;
			children = (
				2204F46929995D46004BEDC9 /* en */,
				2204F46B29995D4A004BEDC9 /* uk */,
			);
			name = Localizable.strings;
			sourceTree = "<group>";
		};
		228D3024299787CB0012D048 /* LaunchScreen.storyboard */ = {
			isa = PBXVariantGroup;
			children = (
				228D3025299787CB0012D048 /* Base */,
				2204F46529995D08004BEDC9 /* uk */,
			);
			name = LaunchScreen.storyboard;
			sourceTree = "<group>";
		};
/* End PBXVariantGroup section */

/* Begin XCBuildConfiguration section */
		228D303E299787CB0012D048 /* Debug */ = {
			isa = XCBuildConfiguration;
			buildSettings = {
				ALWAYS_SEARCH_USER_PATHS = NO;
				CLANG_ANALYZER_LOCALIZABILITY_NONLOCALIZED = YES;
				CLANG_ANALYZER_NONNULL = YES;
				CLANG_ANALYZER_NUMBER_OBJECT_CONVERSION = YES_AGGRESSIVE;
				CLANG_CXX_LANGUAGE_STANDARD = "gnu++20";
				CLANG_ENABLE_MODULES = YES;
				CLANG_ENABLE_OBJC_ARC = YES;
				CLANG_ENABLE_OBJC_WEAK = YES;
				CLANG_WARN_BLOCK_CAPTURE_AUTORELEASING = YES;
				CLANG_WARN_BOOL_CONVERSION = YES;
				CLANG_WARN_COMMA = YES;
				CLANG_WARN_CONSTANT_CONVERSION = YES;
				CLANG_WARN_DEPRECATED_OBJC_IMPLEMENTATIONS = YES;
				CLANG_WARN_DIRECT_OBJC_ISA_USAGE = YES_ERROR;
				CLANG_WARN_DOCUMENTATION_COMMENTS = YES;
				CLANG_WARN_EMPTY_BODY = YES;
				CLANG_WARN_ENUM_CONVERSION = YES;
				CLANG_WARN_INFINITE_RECURSION = YES;
				CLANG_WARN_INT_CONVERSION = YES;
				CLANG_WARN_NON_LITERAL_NULL_CONVERSION = YES;
				CLANG_WARN_OBJC_IMPLICIT_RETAIN_SELF = YES;
				CLANG_WARN_OBJC_LITERAL_CONVERSION = YES;
				CLANG_WARN_OBJC_ROOT_CLASS = YES_ERROR;
				CLANG_WARN_QUOTED_INCLUDE_IN_FRAMEWORK_HEADER = YES;
				CLANG_WARN_RANGE_LOOP_ANALYSIS = YES;
				CLANG_WARN_STRICT_PROTOTYPES = YES;
				CLANG_WARN_SUSPICIOUS_MOVE = YES;
				CLANG_WARN_UNGUARDED_AVAILABILITY = YES_AGGRESSIVE;
				CLANG_WARN_UNREACHABLE_CODE = YES;
				CLANG_WARN__DUPLICATE_METHOD_MATCH = YES;
				COPY_PHASE_STRIP = NO;
				DEBUG_INFORMATION_FORMAT = dwarf;
				ENABLE_STRICT_OBJC_MSGSEND = YES;
				ENABLE_TESTABILITY = YES;
				GCC_C_LANGUAGE_STANDARD = gnu11;
				GCC_DYNAMIC_NO_PIC = NO;
				GCC_NO_COMMON_BLOCKS = YES;
				GCC_OPTIMIZATION_LEVEL = 0;
				GCC_PREPROCESSOR_DEFINITIONS = (
					"DEBUG=1",
					"$(inherited)",
				);
				GCC_WARN_64_TO_32_BIT_CONVERSION = YES;
				GCC_WARN_ABOUT_RETURN_TYPE = YES_ERROR;
				GCC_WARN_UNDECLARED_SELECTOR = YES;
				GCC_WARN_UNINITIALIZED_AUTOS = YES_AGGRESSIVE;
				GCC_WARN_UNUSED_FUNCTION = YES;
				GCC_WARN_UNUSED_VARIABLE = YES;
				IPHONEOS_DEPLOYMENT_TARGET = 16.2;
				MTL_ENABLE_DEBUG_INFO = INCLUDE_SOURCE;
				MTL_FAST_MATH = YES;
				ONLY_ACTIVE_ARCH = YES;
				SDKROOT = iphoneos;
				SWIFT_ACTIVE_COMPILATION_CONDITIONS = DEBUG;
				SWIFT_OPTIMIZATION_LEVEL = "-Onone";
			};
			name = Debug;
		};
		228D303F299787CB0012D048 /* Release */ = {
			isa = XCBuildConfiguration;
			buildSettings = {
				ALWAYS_SEARCH_USER_PATHS = NO;
				CLANG_ANALYZER_LOCALIZABILITY_NONLOCALIZED = YES;
				CLANG_ANALYZER_NONNULL = YES;
				CLANG_ANALYZER_NUMBER_OBJECT_CONVERSION = YES_AGGRESSIVE;
				CLANG_CXX_LANGUAGE_STANDARD = "gnu++20";
				CLANG_ENABLE_MODULES = YES;
				CLANG_ENABLE_OBJC_ARC = YES;
				CLANG_ENABLE_OBJC_WEAK = YES;
				CLANG_WARN_BLOCK_CAPTURE_AUTORELEASING = YES;
				CLANG_WARN_BOOL_CONVERSION = YES;
				CLANG_WARN_COMMA = YES;
				CLANG_WARN_CONSTANT_CONVERSION = YES;
				CLANG_WARN_DEPRECATED_OBJC_IMPLEMENTATIONS = YES;
				CLANG_WARN_DIRECT_OBJC_ISA_USAGE = YES_ERROR;
				CLANG_WARN_DOCUMENTATION_COMMENTS = YES;
				CLANG_WARN_EMPTY_BODY = YES;
				CLANG_WARN_ENUM_CONVERSION = YES;
				CLANG_WARN_INFINITE_RECURSION = YES;
				CLANG_WARN_INT_CONVERSION = YES;
				CLANG_WARN_NON_LITERAL_NULL_CONVERSION = YES;
				CLANG_WARN_OBJC_IMPLICIT_RETAIN_SELF = YES;
				CLANG_WARN_OBJC_LITERAL_CONVERSION = YES;
				CLANG_WARN_OBJC_ROOT_CLASS = YES_ERROR;
				CLANG_WARN_QUOTED_INCLUDE_IN_FRAMEWORK_HEADER = YES;
				CLANG_WARN_RANGE_LOOP_ANALYSIS = YES;
				CLANG_WARN_STRICT_PROTOTYPES = YES;
				CLANG_WARN_SUSPICIOUS_MOVE = YES;
				CLANG_WARN_UNGUARDED_AVAILABILITY = YES_AGGRESSIVE;
				CLANG_WARN_UNREACHABLE_CODE = YES;
				CLANG_WARN__DUPLICATE_METHOD_MATCH = YES;
				COPY_PHASE_STRIP = NO;
				DEBUG_INFORMATION_FORMAT = "dwarf-with-dsym";
				ENABLE_NS_ASSERTIONS = NO;
				ENABLE_STRICT_OBJC_MSGSEND = YES;
				GCC_C_LANGUAGE_STANDARD = gnu11;
				GCC_NO_COMMON_BLOCKS = YES;
				GCC_WARN_64_TO_32_BIT_CONVERSION = YES;
				GCC_WARN_ABOUT_RETURN_TYPE = YES_ERROR;
				GCC_WARN_UNDECLARED_SELECTOR = YES;
				GCC_WARN_UNINITIALIZED_AUTOS = YES_AGGRESSIVE;
				GCC_WARN_UNUSED_FUNCTION = YES;
				GCC_WARN_UNUSED_VARIABLE = YES;
				IPHONEOS_DEPLOYMENT_TARGET = 16.2;
				MTL_ENABLE_DEBUG_INFO = NO;
				MTL_FAST_MATH = YES;
				SDKROOT = iphoneos;
				SWIFT_COMPILATION_MODE = wholemodule;
				SWIFT_OPTIMIZATION_LEVEL = "-O";
				VALIDATE_PRODUCT = YES;
			};
			name = Release;
		};
		228D3041299787CB0012D048 /* Debug */ = {
			isa = XCBuildConfiguration;
			buildSettings = {
				ASSETCATALOG_COMPILER_APPICON_NAME = AppIcon;
				ASSETCATALOG_COMPILER_GLOBAL_ACCENT_COLOR_NAME = AccentColor;
				CODE_SIGN_STYLE = Automatic;
				CURRENT_PROJECT_VERSION = 1;
				DEVELOPMENT_TEAM = B89W338U7L;
				GENERATE_INFOPLIST_FILE = YES;
				INFOPLIST_FILE = "The Movie App/Resources/Info.plist";
				INFOPLIST_KEY_UIApplicationSupportsIndirectInputEvents = YES;
				INFOPLIST_KEY_UILaunchStoryboardName = LaunchScreen;
				INFOPLIST_KEY_UISupportedInterfaceOrientations = UIInterfaceOrientationPortrait;
				INFOPLIST_KEY_UISupportedInterfaceOrientations_iPad = "UIInterfaceOrientationLandscapeLeft UIInterfaceOrientationLandscapeRight UIInterfaceOrientationPortrait UIInterfaceOrientationPortraitUpsideDown";
				IPHONEOS_DEPLOYMENT_TARGET = 15.0;
				LD_RUNPATH_SEARCH_PATHS = (
					"$(inherited)",
					"@executable_path/Frameworks",
				);
				MARKETING_VERSION = 1.0;
				PRODUCT_BUNDLE_IDENTIFIER = "com.shxtrk.The-Movie-App";
				PRODUCT_NAME = "$(TARGET_NAME)";
				SUPPORTED_PLATFORMS = "iphoneos iphonesimulator";
				SUPPORTS_MACCATALYST = NO;
				SUPPORTS_MAC_DESIGNED_FOR_IPHONE_IPAD = NO;
				SWIFT_EMIT_LOC_STRINGS = YES;
				SWIFT_VERSION = 5.0;
				TARGETED_DEVICE_FAMILY = 1;
			};
			name = Debug;
		};
		228D3042299787CB0012D048 /* Release */ = {
			isa = XCBuildConfiguration;
			buildSettings = {
				ASSETCATALOG_COMPILER_APPICON_NAME = AppIcon;
				ASSETCATALOG_COMPILER_GLOBAL_ACCENT_COLOR_NAME = AccentColor;
				CODE_SIGN_STYLE = Automatic;
				CURRENT_PROJECT_VERSION = 1;
				DEVELOPMENT_TEAM = B89W338U7L;
				GENERATE_INFOPLIST_FILE = YES;
				INFOPLIST_FILE = "The Movie App/Resources/Info.plist";
				INFOPLIST_KEY_UIApplicationSupportsIndirectInputEvents = YES;
				INFOPLIST_KEY_UILaunchStoryboardName = LaunchScreen;
				INFOPLIST_KEY_UISupportedInterfaceOrientations = UIInterfaceOrientationPortrait;
				INFOPLIST_KEY_UISupportedInterfaceOrientations_iPad = "UIInterfaceOrientationLandscapeLeft UIInterfaceOrientationLandscapeRight UIInterfaceOrientationPortrait UIInterfaceOrientationPortraitUpsideDown";
				IPHONEOS_DEPLOYMENT_TARGET = 15.0;
				LD_RUNPATH_SEARCH_PATHS = (
					"$(inherited)",
					"@executable_path/Frameworks",
				);
				MARKETING_VERSION = 1.0;
				PRODUCT_BUNDLE_IDENTIFIER = "com.shxtrk.The-Movie-App";
				PRODUCT_NAME = "$(TARGET_NAME)";
				SUPPORTED_PLATFORMS = "iphoneos iphonesimulator";
				SUPPORTS_MACCATALYST = NO;
				SUPPORTS_MAC_DESIGNED_FOR_IPHONE_IPAD = NO;
				SWIFT_EMIT_LOC_STRINGS = YES;
				SWIFT_VERSION = 5.0;
				TARGETED_DEVICE_FAMILY = 1;
			};
			name = Release;
		};
		228D3044299787CB0012D048 /* Debug */ = {
			isa = XCBuildConfiguration;
			buildSettings = {
				ALWAYS_EMBED_SWIFT_STANDARD_LIBRARIES = YES;
				BUNDLE_LOADER = "$(TEST_HOST)";
				CODE_SIGN_STYLE = Automatic;
				CURRENT_PROJECT_VERSION = 1;
				DEVELOPMENT_TEAM = B89W338U7L;
				GENERATE_INFOPLIST_FILE = YES;
				IPHONEOS_DEPLOYMENT_TARGET = 16.2;
				MARKETING_VERSION = 1.0;
				PRODUCT_BUNDLE_IDENTIFIER = "com.shxtrk.The-Movie-AppTests";
				PRODUCT_NAME = "$(TARGET_NAME)";
				SWIFT_EMIT_LOC_STRINGS = NO;
				SWIFT_VERSION = 5.0;
				TARGETED_DEVICE_FAMILY = "1,2";
				TEST_HOST = "$(BUILT_PRODUCTS_DIR)/The Movie App.app/$(BUNDLE_EXECUTABLE_FOLDER_PATH)/The Movie App";
			};
			name = Debug;
		};
		228D3045299787CB0012D048 /* Release */ = {
			isa = XCBuildConfiguration;
			buildSettings = {
				ALWAYS_EMBED_SWIFT_STANDARD_LIBRARIES = YES;
				BUNDLE_LOADER = "$(TEST_HOST)";
				CODE_SIGN_STYLE = Automatic;
				CURRENT_PROJECT_VERSION = 1;
				DEVELOPMENT_TEAM = B89W338U7L;
				GENERATE_INFOPLIST_FILE = YES;
				IPHONEOS_DEPLOYMENT_TARGET = 16.2;
				MARKETING_VERSION = 1.0;
				PRODUCT_BUNDLE_IDENTIFIER = "com.shxtrk.The-Movie-AppTests";
				PRODUCT_NAME = "$(TARGET_NAME)";
				SWIFT_EMIT_LOC_STRINGS = NO;
				SWIFT_VERSION = 5.0;
				TARGETED_DEVICE_FAMILY = "1,2";
				TEST_HOST = "$(BUILT_PRODUCTS_DIR)/The Movie App.app/$(BUNDLE_EXECUTABLE_FOLDER_PATH)/The Movie App";
			};
			name = Release;
		};
		228D3047299787CB0012D048 /* Debug */ = {
			isa = XCBuildConfiguration;
			buildSettings = {
				ALWAYS_EMBED_SWIFT_STANDARD_LIBRARIES = YES;
				CODE_SIGN_STYLE = Automatic;
				CURRENT_PROJECT_VERSION = 1;
				DEVELOPMENT_TEAM = B89W338U7L;
				GENERATE_INFOPLIST_FILE = YES;
				MARKETING_VERSION = 1.0;
				PRODUCT_BUNDLE_IDENTIFIER = "com.shxtrk.The-Movie-AppUITests";
				PRODUCT_NAME = "$(TARGET_NAME)";
				SWIFT_EMIT_LOC_STRINGS = NO;
				SWIFT_VERSION = 5.0;
				TARGETED_DEVICE_FAMILY = "1,2";
				TEST_TARGET_NAME = "The Movie App";
			};
			name = Debug;
		};
		228D3048299787CB0012D048 /* Release */ = {
			isa = XCBuildConfiguration;
			buildSettings = {
				ALWAYS_EMBED_SWIFT_STANDARD_LIBRARIES = YES;
				CODE_SIGN_STYLE = Automatic;
				CURRENT_PROJECT_VERSION = 1;
				DEVELOPMENT_TEAM = B89W338U7L;
				GENERATE_INFOPLIST_FILE = YES;
				MARKETING_VERSION = 1.0;
				PRODUCT_BUNDLE_IDENTIFIER = "com.shxtrk.The-Movie-AppUITests";
				PRODUCT_NAME = "$(TARGET_NAME)";
				SWIFT_EMIT_LOC_STRINGS = NO;
				SWIFT_VERSION = 5.0;
				TARGETED_DEVICE_FAMILY = "1,2";
				TEST_TARGET_NAME = "The Movie App";
			};
			name = Release;
		};
/* End XCBuildConfiguration section */

/* Begin XCConfigurationList section */
		228D300E299787CA0012D048 /* Build configuration list for PBXProject "The Movie App" */ = {
			isa = XCConfigurationList;
			buildConfigurations = (
				228D303E299787CB0012D048 /* Debug */,
				228D303F299787CB0012D048 /* Release */,
			);
			defaultConfigurationIsVisible = 0;
			defaultConfigurationName = Release;
		};
		228D3040299787CB0012D048 /* Build configuration list for PBXNativeTarget "The Movie App" */ = {
			isa = XCConfigurationList;
			buildConfigurations = (
				228D3041299787CB0012D048 /* Debug */,
				228D3042299787CB0012D048 /* Release */,
			);
			defaultConfigurationIsVisible = 0;
			defaultConfigurationName = Release;
		};
		228D3043299787CB0012D048 /* Build configuration list for PBXNativeTarget "The Movie AppTests" */ = {
			isa = XCConfigurationList;
			buildConfigurations = (
				228D3044299787CB0012D048 /* Debug */,
				228D3045299787CB0012D048 /* Release */,
			);
			defaultConfigurationIsVisible = 0;
			defaultConfigurationName = Release;
		};
		228D3046299787CB0012D048 /* Build configuration list for PBXNativeTarget "The Movie AppUITests" */ = {
			isa = XCConfigurationList;
			buildConfigurations = (
				228D3047299787CB0012D048 /* Debug */,
				228D3048299787CB0012D048 /* Release */,
			);
			defaultConfigurationIsVisible = 0;
			defaultConfigurationName = Release;
		};
/* End XCConfigurationList section */

/* Begin XCVersionGroup section */
		228D301F299787CA0012D048 /* The_Movie_App.xcdatamodeld */ = {
			isa = XCVersionGroup;
			children = (
				228D3020299787CA0012D048 /* The_Movie_App.xcdatamodel */,
			);
			currentVersion = 228D3020299787CA0012D048 /* The_Movie_App.xcdatamodel */;
			path = The_Movie_App.xcdatamodeld;
			sourceTree = "<group>";
			versionGroupType = wrapper.xcdatamodel;
		};
/* End XCVersionGroup section */
	};
	rootObject = 228D300B299787CA0012D048 /* Project object */;
}
